
Microsoft Visual Studio Solution File, Format Version 12.00
# Visual Studio Version 17
VisualStudioVersion = 17.4.33213.308
MinimumVisualStudioVersion = 10.0.40219.1
Project("{2150E333-8FDC-42A3-9474-1A3956D46DE8}") = "Src", "Src", "{4F7DD09C-BC5E-42D9-AD48-195487322D40}"
EndProject
Project("{2150E333-8FDC-42A3-9474-1A3956D46DE8}") = "Tests", "Tests", "{D580A868-1FA2-41A2-AA93-EEC1BB77E5B8}"
EndProject
Project("{9A19103F-16F7-4668-BE54-9A1E7A4F7556}") = "GuiStracini.SDKBuilder", "Src\GuiStracini.SDKBuilder\GuiStracini.SDKBuilder.csproj", "{528839BC-251E-40CB-8FD3-79C7150DC060}"
EndProject
Project("{FAE04EC0-301F-11D3-BF4B-00C04F79EFBC}") = "GuiStracini.SDKBuilder.UnitTests", "Tests\GuiStracini.SDKBuilder.Tests\GuiStracini.SDKBuilder.UnitTests\GuiStracini.SDKBuilder.UnitTests.csproj", "{380DA911-59DD-4FE3-8F90-4C10A63CDB26}"
EndProject
Project("{2150E333-8FDC-42A3-9474-1A3956D46DE8}") = "Solution Items", "Solution Items", "{C389538E-C35C-44E0-8763-DACB6DFB63BB}"
	ProjectSection(SolutionItems) = preProject
		appveyor.yml = appveyor.yml
	EndProjectSection
EndProject
Global
	GlobalSection(SolutionConfigurationPlatforms) = preSolution
		Debug|Any CPU = Debug|Any CPU
		Release|Any CPU = Release|Any CPU
	EndGlobalSection
	GlobalSection(ProjectConfigurationPlatforms) = postSolution
		{528839BC-251E-40CB-8FD3-79C7150DC060}.Debug|Any CPU.ActiveCfg = Debug|Any CPU
		{528839BC-251E-40CB-8FD3-79C7150DC060}.Debug|Any CPU.Build.0 = Debug|Any CPU
		{528839BC-251E-40CB-8FD3-79C7150DC060}.Release|Any CPU.ActiveCfg = Release|Any CPU
		{528839BC-251E-40CB-8FD3-79C7150DC060}.Release|Any CPU.Build.0 = Release|Any CPU
		{380DA911-59DD-4FE3-8F90-4C10A63CDB26}.Debug|Any CPU.ActiveCfg = Debug|Any CPU
		{380DA911-59DD-4FE3-8F90-4C10A63CDB26}.Debug|Any CPU.Build.0 = Debug|Any CPU
		{380DA911-59DD-4FE3-8F90-4C10A63CDB26}.Release|Any CPU.ActiveCfg = Release|Any CPU
		{380DA911-59DD-4FE3-8F90-4C10A63CDB26}.Release|Any CPU.Build.0 = Release|Any CPU
	EndGlobalSection
	GlobalSection(SolutionProperties) = preSolution
		HideSolutionNode = FALSE
	EndGlobalSection
	GlobalSection(NestedProjects) = preSolution
		{528839BC-251E-40CB-8FD3-79C7150DC060} = {4F7DD09C-BC5E-42D9-AD48-195487322D40}
		{380DA911-59DD-4FE3-8F90-4C10A63CDB26} = {D580A868-1FA2-41A2-AA93-EEC1BB77E5B8}
	EndGlobalSection
	GlobalSection(ExtensibilityGlobals) = postSolution
		SolutionGuid = {1B694BF5-E85C-47EE-8C96-64D61A300A2F}
	EndGlobalSection
EndGlobal
